
Microsoft Visual Studio Solution File, Format Version 12.00
Project("{FAE04EC0-301F-11D3-BF4B-00C04F79EFBC}") = "Backend", "Backend\Backend.csproj", "{354D8878-D60E-49A9-B644-4482E4CC6AB4}"
EndProject
Project("{FAE04EC0-301F-11D3-BF4B-00C04F79EFBC}") = "Expressive", "Expressive\Expressive.csproj", "{D1E3617F-9A6F-4ED4-BDE6-5C2A904162A0}"
EndProject
Project("{FAE04EC0-301F-11D3-BF4B-00C04F79EFBC}") = "Auth", "Auth\Auth.csproj", "{C982411A-1D0A-42D7-AC2D-B93CA0E9B8E1}"
EndProject
Project("{FAE04EC0-301F-11D3-BF4B-00C04F79EFBC}") = "Shared", "Shared\Shared.csproj", "{E08B0535-DC86-449F-B754-99105F088CF3}"
EndProject
Project("{FAE04EC0-301F-11D3-BF4B-00C04F79EFBC}") = "BtcService", "BtcService\BtcService.csproj", "{43503D90-501A-45D5-B37E-CAC33D1F628B}"
EndProject
Project("{FAE04EC0-301F-11D3-BF4B-00C04F79EFBC}") = "TelegramService", "TelegramService\TelegramService.csproj", "{81F55077-D1AC-4315-82E5-0107892399D8}"
EndProject
Project("{FAE04EC0-301F-11D3-BF4B-00C04F79EFBC}") = "Crons", "Crons\Crons.csproj", "{B36DF9F6-00E3-42F1-BB7E-BB96C57D22E0}"
EndProject
Project("{FAE04EC0-301F-11D3-BF4B-00C04F79EFBC}") = "WebhookTest", "WebhookTest\WebhookTest.csproj", "{AD905833-D864-4A2D-A3FF-B235DC2A894C}"
EndProject
Project("{FAE04EC0-301F-11D3-BF4B-00C04F79EFBC}") = "Test", "Test\Test.csproj", "{0CB0B7FE-675A-4440-8E88-C80946C02D43}"
EndProject
Project("{FAE04EC0-301F-11D3-BF4B-00C04F79EFBC}") = "ApiTest", "ApiTest\ApiTest.csproj", "{CE28EC99-8725-4A39-8837-2AB95723A374}"
EndProject
Project("{FAE04EC0-301F-11D3-BF4B-00C04F79EFBC}") = "CoreLib", "CoreLib\CoreLib.csproj", "{A9678049-AB79-4897-914C-22E0BDBACC9C}"
EndProject
Project("{FAE04EC0-301F-11D3-BF4B-00C04F79EFBC}") = "Cli", "Cli\Cli.csproj", "{50EA06C9-EEEE-487B-B831-041FEADA76DB}"
EndProject
Project("{FAE04EC0-301F-11D3-BF4B-00C04F79EFBC}") = "Adminka", "Adminka\Adminka.csproj", "{3463F2F2-BF65-4BCC-8DAA-1288C97A5770}"
EndProject
Project("{FAE04EC0-301F-11D3-BF4B-00C04F79EFBC}") = "Telegram.Bot", "Telegram.Bot\src\Telegram.Bot\Telegram.Bot.csproj", "{AE265EEF-C83F-4A2C-9DBD-F372F20C02C8}"
EndProject
Project("{FAE04EC0-301F-11D3-BF4B-00C04F79EFBC}") = "TelegramNotify", "TelegramNotify\TelegramNotify.csproj", "{C6DE129F-4FCE-4025-995B-7ADFD0CFBEAC}"
EndProject
Project("{FAE04EC0-301F-11D3-BF4B-00C04F79EFBC}") = "LnInterceptorTest", "LnInterceptorTest\LnInterceptorTest.csproj", "{C1DC84A2-B4BA-4B8D-840F-90886DA901C6}"
EndProject
Project("{FAE04EC0-301F-11D3-BF4B-00C04F79EFBC}") = "BitcoinLib", "bitcoinlib1\src\BitcoinLib\BitcoinLib.csproj", "{E2D835A8-C415-4168-BD8E-FFBE19FF194D}"
EndProject
Global
	GlobalSection(SolutionConfigurationPlatforms) = preSolution
		Debug|Any CPU = Debug|Any CPU
		Release|Any CPU = Release|Any CPU
		Debug Mock|Any CPU = Debug Mock|Any CPU
	EndGlobalSection
	GlobalSection(ProjectConfigurationPlatforms) = postSolution
		{354D8878-D60E-49A9-B644-4482E4CC6AB4}.Debug|Any CPU.ActiveCfg = Debug|Any CPU
		{354D8878-D60E-49A9-B644-4482E4CC6AB4}.Debug|Any CPU.Build.0 = Debug|Any CPU
		{354D8878-D60E-49A9-B644-4482E4CC6AB4}.Release|Any CPU.ActiveCfg = Release|Any CPU
		{354D8878-D60E-49A9-B644-4482E4CC6AB4}.Release|Any CPU.Build.0 = Release|Any CPU
		{354D8878-D60E-49A9-B644-4482E4CC6AB4}.Debug Mock|Any CPU.ActiveCfg = Debug Mock|Any CPU
		{354D8878-D60E-49A9-B644-4482E4CC6AB4}.Debug Mock|Any CPU.Build.0 = Debug Mock|Any CPU
		{D1E3617F-9A6F-4ED4-BDE6-5C2A904162A0}.Debug|Any CPU.ActiveCfg = Debug|Any CPU
		{D1E3617F-9A6F-4ED4-BDE6-5C2A904162A0}.Debug|Any CPU.Build.0 = Debug|Any CPU
		{D1E3617F-9A6F-4ED4-BDE6-5C2A904162A0}.Release|Any CPU.ActiveCfg = Release|Any CPU
		{D1E3617F-9A6F-4ED4-BDE6-5C2A904162A0}.Release|Any CPU.Build.0 = Release|Any CPU
		{D1E3617F-9A6F-4ED4-BDE6-5C2A904162A0}.Debug Mock|Any CPU.ActiveCfg = Debug Mock|Any CPU
		{D1E3617F-9A6F-4ED4-BDE6-5C2A904162A0}.Debug Mock|Any CPU.Build.0 = Debug Mock|Any CPU
		{C982411A-1D0A-42D7-AC2D-B93CA0E9B8E1}.Debug|Any CPU.ActiveCfg = Debug|Any CPU
		{C982411A-1D0A-42D7-AC2D-B93CA0E9B8E1}.Debug|Any CPU.Build.0 = Debug|Any CPU
		{C982411A-1D0A-42D7-AC2D-B93CA0E9B8E1}.Release|Any CPU.ActiveCfg = Release|Any CPU
		{C982411A-1D0A-42D7-AC2D-B93CA0E9B8E1}.Release|Any CPU.Build.0 = Release|Any CPU
		{C982411A-1D0A-42D7-AC2D-B93CA0E9B8E1}.Debug Mock|Any CPU.ActiveCfg = Debug Mock|Any CPU
		{C982411A-1D0A-42D7-AC2D-B93CA0E9B8E1}.Debug Mock|Any CPU.Build.0 = Debug Mock|Any CPU
		{E08B0535-DC86-449F-B754-99105F088CF3}.Debug|Any CPU.ActiveCfg = Debug|Any CPU
		{E08B0535-DC86-449F-B754-99105F088CF3}.Debug|Any CPU.Build.0 = Debug|Any CPU
		{E08B0535-DC86-449F-B754-99105F088CF3}.Release|Any CPU.ActiveCfg = Release|Any CPU
		{E08B0535-DC86-449F-B754-99105F088CF3}.Release|Any CPU.Build.0 = Release|Any CPU
		{E08B0535-DC86-449F-B754-99105F088CF3}.Debug Mock|Any CPU.ActiveCfg = Debug Mock|Any CPU
		{E08B0535-DC86-449F-B754-99105F088CF3}.Debug Mock|Any CPU.Build.0 = Debug Mock|Any CPU
		{43503D90-501A-45D5-B37E-CAC33D1F628B}.Debug|Any CPU.ActiveCfg = Debug|Any CPU
		{43503D90-501A-45D5-B37E-CAC33D1F628B}.Debug|Any CPU.Build.0 = Debug|Any CPU
		{43503D90-501A-45D5-B37E-CAC33D1F628B}.Release|Any CPU.ActiveCfg = Release|Any CPU
		{43503D90-501A-45D5-B37E-CAC33D1F628B}.Release|Any CPU.Build.0 = Release|Any CPU
		{43503D90-501A-45D5-B37E-CAC33D1F628B}.Debug Mock|Any CPU.ActiveCfg = Debug Mock|Any CPU
		{43503D90-501A-45D5-B37E-CAC33D1F628B}.Debug Mock|Any CPU.Build.0 = Debug Mock|Any CPU
		{81F55077-D1AC-4315-82E5-0107892399D8}.Debug|Any CPU.ActiveCfg = Debug|Any CPU
		{81F55077-D1AC-4315-82E5-0107892399D8}.Debug|Any CPU.Build.0 = Debug|Any CPU
		{81F55077-D1AC-4315-82E5-0107892399D8}.Release|Any CPU.ActiveCfg = Release|Any CPU
		{81F55077-D1AC-4315-82E5-0107892399D8}.Release|Any CPU.Build.0 = Release|Any CPU
		{81F55077-D1AC-4315-82E5-0107892399D8}.Debug Mock|Any CPU.ActiveCfg = Debug Mock|Any CPU
		{81F55077-D1AC-4315-82E5-0107892399D8}.Debug Mock|Any CPU.Build.0 = Debug Mock|Any CPU
		{B36DF9F6-00E3-42F1-BB7E-BB96C57D22E0}.Debug|Any CPU.ActiveCfg = Debug|Any CPU
		{B36DF9F6-00E3-42F1-BB7E-BB96C57D22E0}.Debug|Any CPU.Build.0 = Debug|Any CPU
		{B36DF9F6-00E3-42F1-BB7E-BB96C57D22E0}.Release|Any CPU.ActiveCfg = Release|Any CPU
		{B36DF9F6-00E3-42F1-BB7E-BB96C57D22E0}.Release|Any CPU.Build.0 = Release|Any CPU
		{B36DF9F6-00E3-42F1-BB7E-BB96C57D22E0}.Debug Mock|Any CPU.ActiveCfg = Debug Mock|Any CPU
		{B36DF9F6-00E3-42F1-BB7E-BB96C57D22E0}.Debug Mock|Any CPU.Build.0 = Debug Mock|Any CPU
		{AD905833-D864-4A2D-A3FF-B235DC2A894C}.Debug|Any CPU.ActiveCfg = Debug|Any CPU
		{AD905833-D864-4A2D-A3FF-B235DC2A894C}.Debug|Any CPU.Build.0 = Debug|Any CPU
		{AD905833-D864-4A2D-A3FF-B235DC2A894C}.Release|Any CPU.ActiveCfg = Release|Any CPU
		{AD905833-D864-4A2D-A3FF-B235DC2A894C}.Release|Any CPU.Build.0 = Release|Any CPU
		{AD905833-D864-4A2D-A3FF-B235DC2A894C}.Debug Mock|Any CPU.ActiveCfg = Debug Mock|Any CPU
		{AD905833-D864-4A2D-A3FF-B235DC2A894C}.Debug Mock|Any CPU.Build.0 = Debug Mock|Any CPU
		{0CB0B7FE-675A-4440-8E88-C80946C02D43}.Debug|Any CPU.ActiveCfg = Debug|Any CPU
		{0CB0B7FE-675A-4440-8E88-C80946C02D43}.Debug|Any CPU.Build.0 = Debug|Any CPU
		{0CB0B7FE-675A-4440-8E88-C80946C02D43}.Release|Any CPU.ActiveCfg = Release|Any CPU
		{0CB0B7FE-675A-4440-8E88-C80946C02D43}.Release|Any CPU.Build.0 = Release|Any CPU
		{0CB0B7FE-675A-4440-8E88-C80946C02D43}.Debug Mock|Any CPU.ActiveCfg = Debug Mock|Any CPU
		{0CB0B7FE-675A-4440-8E88-C80946C02D43}.Debug Mock|Any CPU.Build.0 = Debug Mock|Any CPU
		{CE28EC99-8725-4A39-8837-2AB95723A374}.Debug|Any CPU.ActiveCfg = Debug|Any CPU
		{CE28EC99-8725-4A39-8837-2AB95723A374}.Debug|Any CPU.Build.0 = Debug|Any CPU
		{CE28EC99-8725-4A39-8837-2AB95723A374}.Release|Any CPU.ActiveCfg = Release|Any CPU
		{CE28EC99-8725-4A39-8837-2AB95723A374}.Release|Any CPU.Build.0 = Release|Any CPU
		{CE28EC99-8725-4A39-8837-2AB95723A374}.Debug Mock|Any CPU.ActiveCfg = Debug Mock|Any CPU
		{CE28EC99-8725-4A39-8837-2AB95723A374}.Debug Mock|Any CPU.Build.0 = Debug Mock|Any CPU
		{A9678049-AB79-4897-914C-22E0BDBACC9C}.Debug|Any CPU.ActiveCfg = Debug|Any CPU
		{A9678049-AB79-4897-914C-22E0BDBACC9C}.Debug|Any CPU.Build.0 = Debug|Any CPU
		{A9678049-AB79-4897-914C-22E0BDBACC9C}.Release|Any CPU.ActiveCfg = Release|Any CPU
		{A9678049-AB79-4897-914C-22E0BDBACC9C}.Release|Any CPU.Build.0 = Release|Any CPU
		{A9678049-AB79-4897-914C-22E0BDBACC9C}.Debug Mock|Any CPU.ActiveCfg = Debug Mock|Any CPU
		{A9678049-AB79-4897-914C-22E0BDBACC9C}.Debug Mock|Any CPU.Build.0 = Debug Mock|Any CPU
		{50EA06C9-EEEE-487B-B831-041FEADA76DB}.Debug|Any CPU.ActiveCfg = Debug|Any CPU
		{50EA06C9-EEEE-487B-B831-041FEADA76DB}.Debug|Any CPU.Build.0 = Debug|Any CPU
		{50EA06C9-EEEE-487B-B831-041FEADA76DB}.Release|Any CPU.ActiveCfg = Release|Any CPU
		{50EA06C9-EEEE-487B-B831-041FEADA76DB}.Release|Any CPU.Build.0 = Release|Any CPU
		{50EA06C9-EEEE-487B-B831-041FEADA76DB}.Debug Mock|Any CPU.ActiveCfg = Debug Mock|Any CPU
		{50EA06C9-EEEE-487B-B831-041FEADA76DB}.Debug Mock|Any CPU.Build.0 = Debug Mock|Any CPU
		{3463F2F2-BF65-4BCC-8DAA-1288C97A5770}.Debug|Any CPU.ActiveCfg = Debug|Any CPU
		{3463F2F2-BF65-4BCC-8DAA-1288C97A5770}.Debug|Any CPU.Build.0 = Debug|Any CPU
		{3463F2F2-BF65-4BCC-8DAA-1288C97A5770}.Release|Any CPU.ActiveCfg = Release|Any CPU
		{3463F2F2-BF65-4BCC-8DAA-1288C97A5770}.Release|Any CPU.Build.0 = Release|Any CPU
		{3463F2F2-BF65-4BCC-8DAA-1288C97A5770}.Debug Mock|Any CPU.ActiveCfg = Debug Mock|Any CPU
		{3463F2F2-BF65-4BCC-8DAA-1288C97A5770}.Debug Mock|Any CPU.Build.0 = Debug Mock|Any CPU
		{AE265EEF-C83F-4A2C-9DBD-F372F20C02C8}.Debug|Any CPU.ActiveCfg = Debug|Any CPU
		{AE265EEF-C83F-4A2C-9DBD-F372F20C02C8}.Debug|Any CPU.Build.0 = Debug|Any CPU
		{AE265EEF-C83F-4A2C-9DBD-F372F20C02C8}.Release|Any CPU.ActiveCfg = Release|Any CPU
		{AE265EEF-C83F-4A2C-9DBD-F372F20C02C8}.Release|Any CPU.Build.0 = Release|Any CPU
		{AE265EEF-C83F-4A2C-9DBD-F372F20C02C8}.Debug Mock|Any CPU.ActiveCfg = Debug Mock|Any CPU
		{AE265EEF-C83F-4A2C-9DBD-F372F20C02C8}.Debug Mock|Any CPU.Build.0 = Debug Mock|Any CPU
		{C6DE129F-4FCE-4025-995B-7ADFD0CFBEAC}.Debug|Any CPU.ActiveCfg = Debug|Any CPU
		{C6DE129F-4FCE-4025-995B-7ADFD0CFBEAC}.Debug|Any CPU.Build.0 = Debug|Any CPU
		{C6DE129F-4FCE-4025-995B-7ADFD0CFBEAC}.Release|Any CPU.ActiveCfg = Release|Any CPU
		{C6DE129F-4FCE-4025-995B-7ADFD0CFBEAC}.Release|Any CPU.Build.0 = Release|Any CPU
		{C6DE129F-4FCE-4025-995B-7ADFD0CFBEAC}.Debug Mock|Any CPU.ActiveCfg = Debug Mock|Any CPU
		{C6DE129F-4FCE-4025-995B-7ADFD0CFBEAC}.Debug Mock|Any CPU.Build.0 = Debug Mock|Any CPU
		{C1DC84A2-B4BA-4B8D-840F-90886DA901C6}.Debug|Any CPU.ActiveCfg = Debug|Any CPU
		{C1DC84A2-B4BA-4B8D-840F-90886DA901C6}.Debug|Any CPU.Build.0 = Debug|Any CPU
		{C1DC84A2-B4BA-4B8D-840F-90886DA901C6}.Release|Any CPU.ActiveCfg = Release|Any CPU
		{C1DC84A2-B4BA-4B8D-840F-90886DA901C6}.Release|Any CPU.Build.0 = Release|Any CPU
		{C1DC84A2-B4BA-4B8D-840F-90886DA901C6}.Debug Mock|Any CPU.ActiveCfg = Debug|Any CPU
		{C1DC84A2-B4BA-4B8D-840F-90886DA901C6}.Debug Mock|Any CPU.Build.0 = Debug|Any CPU
		{E2D835A8-C415-4168-BD8E-FFBE19FF194D}.Debug|Any CPU.ActiveCfg = Debug|Any CPU
		{E2D835A8-C415-4168-BD8E-FFBE19FF194D}.Debug|Any CPU.Build.0 = Debug|Any CPU
		{E2D835A8-C415-4168-BD8E-FFBE19FF194D}.Release|Any CPU.ActiveCfg = Release|Any CPU
		{E2D835A8-C415-4168-BD8E-FFBE19FF194D}.Release|Any CPU.Build.0 = Release|Any CPU
		{E2D835A8-C415-4168-BD8E-FFBE19FF194D}.Debug Mock|Any CPU.ActiveCfg = Debug|Any CPU
		{E2D835A8-C415-4168-BD8E-FFBE19FF194D}.Debug Mock|Any CPU.Build.0 = Debug|Any CPU
	EndGlobalSection
EndGlobal
